
Microsoft Visual Studio Solution File, Format Version 12.00
# Visual Studio Version 17
VisualStudioVersion = 17.7.34018.315
MinimumVisualStudioVersion = 10.0.40219.1
Project("{FAE04EC0-301F-11D3-BF4B-00C04F79EFBC}") = "CreateJWT", "CreateJWT\CreateJWT.csproj", "{3C9DE405-305C-4A70-8226-82165E2B8114}"
EndProject
Project("{2150E333-8FDC-42A3-9474-1A3956D46DE8}") = "Solution Items", "Solution Items", "{E5C24A30-3F60-47EB-82E5-E8F13E7431FC}"
EndProject
Global
	GlobalSection(SolutionConfigurationPlatforms) = preSolution
		Debug|Any CPU = Debug|Any CPU
		Release|Any CPU = Release|Any CPU
	EndGlobalSection
	GlobalSection(ProjectConfigurationPlatforms) = postSolution
		{3C9DE405-305C-4A70-8226-82165E2B8114}.Debug|Any CPU.ActiveCfg = Debug|Any CPU
		{3C9DE405-305C-4A70-8226-82165E2B8114}.Debug|Any CPU.Build.0 = Debug|Any CPU
		{3C9DE405-305C-4A70-8226-82165E2B8114}.Release|Any CPU.ActiveCfg = Release|Any CPU
		{3C9DE405-305C-4A70-8226-82165E2B8114}.Release|Any CPU.Build.0 = Release|Any CPU
	EndGlobalSection
	GlobalSection(SolutionProperties) = preSolution
		HideSolutionNode = FALSE
	EndGlobalSection
	GlobalSection(ExtensibilityGlobals) = postSolution
		SolutionGuid = {B67DB8BA-5F59-4216-A8BF-4745C0BCCB0D}
	EndGlobalSection
EndGlobal
